
Microsoft Visual Studio Solution File, Format Version 12.00
# Visual Studio Version 17
VisualStudioVersion = 17.9.34616.47
MinimumVisualStudioVersion = 10.0.40219.1
Project("{8BC9CEB8-8B4A-11D0-8D11-00A0C91BC942}") = "PRAK6EPEMDAS", "PRAK6EPEMDAS\PRAK6EPEMDAS.vcxproj", "{F6E2C938-F8C0-49D5-A30A-48A886544F96}"
EndProject
Project("{8BC9CEB8-8B4A-11D0-8D11-00A0C91BC942}") = "PRAK6PEMDAS PT 2", "PRAK6PEMDAS PT 2\PRAK6PEMDAS PT 2.vcxproj", "{F96E5FE4-3F34-4A41-8D0A-1DB64C76A54F}"
EndProject
Project("{8BC9CEB8-8B4A-11D0-8D11-00A0C91BC942}") = "PRAK6PEMDAS PT3", "PRAK6PEMDAS PT3\PRAK6PEMDAS PT3.vcxproj", "{FEA94B2B-6773-4226-AA69-365BFEEDE9B1}"
EndProject
Global
	GlobalSection(SolutionConfigurationPlatforms) = preSolution
		Debug|x64 = Debug|x64
		Debug|x86 = Debug|x86
		Release|x64 = Release|x64
		Release|x86 = Release|x86
	EndGlobalSection
	GlobalSection(ProjectConfigurationPlatforms) = postSolution
		{F6E2C938-F8C0-49D5-A30A-48A886544F96}.Debug|x64.ActiveCfg = Debug|x64
		{F6E2C938-F8C0-49D5-A30A-48A886544F96}.Debug|x64.Build.0 = Debug|x64
		{F6E2C938-F8C0-49D5-A30A-48A886544F96}.Debug|x86.ActiveCfg = Debug|Win32
		{F6E2C938-F8C0-49D5-A30A-48A886544F96}.Debug|x86.Build.0 = Debug|Win32
		{F6E2C938-F8C0-49D5-A30A-48A886544F96}.Release|x64.ActiveCfg = Release|x64
		{F6E2C938-F8C0-49D5-A30A-48A886544F96}.Release|x64.Build.0 = Release|x64
		{F6E2C938-F8C0-49D5-A30A-48A886544F96}.Release|x86.ActiveCfg = Release|Win32
		{F6E2C938-F8C0-49D5-A30A-48A886544F96}.Release|x86.Build.0 = Release|Win32
		{F96E5FE4-3F34-4A41-8D0A-1DB64C76A54F}.Debug|x64.ActiveCfg = Debug|x64
		{F96E5FE4-3F34-4A41-8D0A-1DB64C76A54F}.Debug|x64.Build.0 = Debug|x64
		{F96E5FE4-3F34-4A41-8D0A-1DB64C76A54F}.Debug|x86.ActiveCfg = Debug|Win32
		{F96E5FE4-3F34-4A41-8D0A-1DB64C76A54F}.Debug|x86.Build.0 = Debug|Win32
		{F96E5FE4-3F34-4A41-8D0A-1DB64C76A54F}.Release|x64.ActiveCfg = Release|x64
		{F96E5FE4-3F34-4A41-8D0A-1DB64C76A54F}.Release|x64.Build.0 = Release|x64
		{F96E5FE4-3F34-4A41-8D0A-1DB64C76A54F}.Release|x86.ActiveCfg = Release|Win32
		{F96E5FE4-3F34-4A41-8D0A-1DB64C76A54F}.Release|x86.Build.0 = Release|Win32
		{FEA94B2B-6773-4226-AA69-365BFEEDE9B1}.Debug|x64.ActiveCfg = Debug|x64
		{FEA94B2B-6773-4226-AA69-365BFEEDE9B1}.Debug|x64.Build.0 = Debug|x64
		{FEA94B2B-6773-4226-AA69-365BFEEDE9B1}.Debug|x86.ActiveCfg = Debug|Win32
		{FEA94B2B-6773-4226-AA69-365BFEEDE9B1}.Debug|x86.Build.0 = Debug|Win32
		{FEA94B2B-6773-4226-AA69-365BFEEDE9B1}.Release|x64.ActiveCfg = Release|x64
		{FEA94B2B-6773-4226-AA69-365BFEEDE9B1}.Release|x64.Build.0 = Release|x64
		{FEA94B2B-6773-4226-AA69-365BFEEDE9B1}.Release|x86.ActiveCfg = Release|Win32
		{FEA94B2B-6773-4226-AA69-365BFEEDE9B1}.Release|x86.Build.0 = Release|Win32
	EndGlobalSection
	GlobalSection(SolutionProperties) = preSolution
		HideSolutionNode = FALSE
	EndGlobalSection
	GlobalSection(ExtensibilityGlobals) = postSolution
		SolutionGuid = {006DA614-5569-4AB7-BFCC-0F684A490996}
	EndGlobalSection
EndGlobal
